
Microsoft Visual Studio Solution File, Format Version 12.00
# Visual Studio 2012
Project("{FAE04EC0-301F-11D3-BF4B-00C04F79EFBC}") = "Forum", "Forum\Forum.csproj", "{CCECFAED-CEBA-4288-8BFC-61253A236279}"
EndProject
Project("{FAE04EC0-301F-11D3-BF4B-00C04F79EFBC}") = "Forum.Tests", "Forum.Tests\Forum.Tests.csproj", "{FAA08F0B-3CF7-443B-88D3-7C3F4860A65F}"
EndProject
Global
	GlobalSection(SolutionConfigurationPlatforms) = preSolution
		Debug|Any CPU = Debug|Any CPU
		Release|Any CPU = Release|Any CPU
	EndGlobalSection
	GlobalSection(ProjectConfigurationPlatforms) = postSolution
		{CCECFAED-CEBA-4288-8BFC-61253A236279}.Debug|Any CPU.ActiveCfg = Debug|Any CPU
		{CCECFAED-CEBA-4288-8BFC-61253A236279}.Debug|Any CPU.Build.0 = Debug|Any CPU
		{CCECFAED-CEBA-4288-8BFC-61253A236279}.Release|Any CPU.ActiveCfg = Release|Any CPU
		{CCECFAED-CEBA-4288-8BFC-61253A236279}.Release|Any CPU.Build.0 = Release|Any CPU
		{FAA08F0B-3CF7-443B-88D3-7C3F4860A65F}.Debug|Any CPU.ActiveCfg = Debug|Any CPU
		{FAA08F0B-3CF7-443B-88D3-7C3F4860A65F}.Debug|Any CPU.Build.0 = Debug|Any CPU
		{FAA08F0B-3CF7-443B-88D3-7C3F4860A65F}.Release|Any CPU.ActiveCfg = Release|Any CPU
		{FAA08F0B-3CF7-443B-88D3-7C3F4860A65F}.Release|Any CPU.Build.0 = Release|Any CPU
	EndGlobalSection
	GlobalSection(SolutionProperties) = preSolution
		HideSolutionNode = FALSE
	EndGlobalSection
EndGlobal
